
Microsoft Visual Studio Solution File, Format Version 12.00
# Visual Studio Version 17
VisualStudioVersion = 17.0.31612.314
MinimumVisualStudioVersion = 10.0.40219.1
Project("{FAE04EC0-301F-11D3-BF4B-00C04F79EFBC}") = "project", "project\project.csproj", "{628219A5-F1CE-44F2-A5DF-E454FFD0A4C9}"
EndProject
Global
	GlobalSection(SolutionConfigurationPlatforms) = preSolution
		Debug|Any CPU = Debug|Any CPU
		Release|Any CPU = Release|Any CPU
	EndGlobalSection
	GlobalSection(ProjectConfigurationPlatforms) = postSolution
		{628219A5-F1CE-44F2-A5DF-E454FFD0A4C9}.Debug|Any CPU.ActiveCfg = Debug|Any CPU
		{628219A5-F1CE-44F2-A5DF-E454FFD0A4C9}.Debug|Any CPU.Build.0 = Debug|Any CPU
		{628219A5-F1CE-44F2-A5DF-E454FFD0A4C9}.Release|Any CPU.ActiveCfg = Release|Any CPU
		{628219A5-F1CE-44F2-A5DF-E454FFD0A4C9}.Release|Any CPU.Build.0 = Release|Any CPU
	EndGlobalSection
	GlobalSection(SolutionProperties) = preSolution
		HideSolutionNode = FALSE
	EndGlobalSection
	GlobalSection(ExtensibilityGlobals) = postSolution
		SolutionGuid = {1B552E4A-481B-47EB-A1E0-757BC3BB2142}
	EndGlobalSection
EndGlobal
